// !$*UTF8*$!
{
	archiveVersion = 1;
	classes = {
	};
	objectVersion = 56;
	objects = {

/* Begin PBXBuildFile section */
		3DBA72E72933A7D2009FD720 /* NoteView.swift in Sources */ = {isa = PBXBuildFile; fileRef = 3DBA72E62933A7D2009FD720 /* NoteView.swift */; };
		3DBA72E92933A842009FD720 /* DatabaseService.swift in Sources */ = {isa = PBXBuildFile; fileRef = 3DBA72E82933A842009FD720 /* DatabaseService.swift */; };
		3DBA72ED2933AB94009FD720 /* SQLite in Frameworks */ = {isa = PBXBuildFile; productRef = 3DBA72EC2933AB94009FD720 /* SQLite */; };
		3DBA72F02933B2AE009FD720 /* NotesTable.swift in Sources */ = {isa = PBXBuildFile; fileRef = 3DBA72EF2933B2AE009FD720 /* NotesTable.swift */; };
		3DBA72F22933B2B7009FD720 /* TopicsTable.swift in Sources */ = {isa = PBXBuildFile; fileRef = 3DBA72F12933B2B7009FD720 /* TopicsTable.swift */; };
		AC71C18A29239066004423FC /* NotesApp.swift in Sources */ = {isa = PBXBuildFile; fileRef = AC71C18929239066004423FC /* NotesApp.swift */; };
		AC71C18E29239067004423FC /* Assets.xcassets in Resources */ = {isa = PBXBuildFile; fileRef = AC71C18D29239067004423FC /* Assets.xcassets */; };
		AC71C19129239067004423FC /* Preview Assets.xcassets in Resources */ = {isa = PBXBuildFile; fileRef = AC71C19029239067004423FC /* Preview Assets.xcassets */; };
		AC71C19A292390D5004423FC /* TopicView.swift in Sources */ = {isa = PBXBuildFile; fileRef = AC71C199292390D5004423FC /* TopicView.swift */; };
		AC71C19C29239112004423FC /* TopicsListView.swift in Sources */ = {isa = PBXBuildFile; fileRef = AC71C19B29239112004423FC /* TopicsListView.swift */; };
		AC71C19E2923913C004423FC /* AddNoteView.swift in Sources */ = {isa = PBXBuildFile; fileRef = AC71C19D2923913C004423FC /* AddNoteView.swift */; };
		AC71C1A129239A85004423FC /* Topic.swift in Sources */ = {isa = PBXBuildFile; fileRef = AC71C1A029239A85004423FC /* Topic.swift */; };
		AC71C1A329239A98004423FC /* Note.swift in Sources */ = {isa = PBXBuildFile; fileRef = AC71C1A229239A98004423FC /* Note.swift */; };
		AC71C1A529239D40004423FC /* NotesListView.swift in Sources */ = {isa = PBXBuildFile; fileRef = AC71C1A429239D40004423FC /* NotesListView.swift */; };
/* End PBXBuildFile section */

/* Begin PBXFileReference section */
		3DBA72E62933A7D2009FD720 /* NoteView.swift */ = {isa = PBXFileReference; lastKnownFileType = sourcecode.swift; path = NoteView.swift; sourceTree = "<group>"; };
		3DBA72E82933A842009FD720 /* DatabaseService.swift */ = {isa = PBXFileReference; lastKnownFileType = sourcecode.swift; path = DatabaseService.swift; sourceTree = "<group>"; };
		3DBA72EF2933B2AE009FD720 /* NotesTable.swift */ = {isa = PBXFileReference; lastKnownFileType = sourcecode.swift; path = NotesTable.swift; sourceTree = "<group>"; };
		3DBA72F12933B2B7009FD720 /* TopicsTable.swift */ = {isa = PBXFileReference; lastKnownFileType = sourcecode.swift; path = TopicsTable.swift; sourceTree = "<group>"; };
		AC71C18629239066004423FC /* Notes.app */ = {isa = PBXFileReference; explicitFileType = wrapper.application; includeInIndex = 0; path = Notes.app; sourceTree = BUILT_PRODUCTS_DIR; };
		AC71C18929239066004423FC /* NotesApp.swift */ = {isa = PBXFileReference; lastKnownFileType = sourcecode.swift; path = NotesApp.swift; sourceTree = "<group>"; };
		AC71C18D29239067004423FC /* Assets.xcassets */ = {isa = PBXFileReference; lastKnownFileType = folder.assetcatalog; path = Assets.xcassets; sourceTree = "<group>"; };
		AC71C19029239067004423FC /* Preview Assets.xcassets */ = {isa = PBXFileReference; lastKnownFileType = folder.assetcatalog; path = "Preview Assets.xcassets"; sourceTree = "<group>"; };
		AC71C199292390D5004423FC /* TopicView.swift */ = {isa = PBXFileReference; lastKnownFileType = sourcecode.swift; path = TopicView.swift; sourceTree = "<group>"; };
		AC71C19B29239112004423FC /* TopicsListView.swift */ = {isa = PBXFileReference; lastKnownFileType = sourcecode.swift; path = TopicsListView.swift; sourceTree = "<group>"; };
		AC71C19D2923913C004423FC /* AddNoteView.swift */ = {isa = PBXFileReference; lastKnownFileType = sourcecode.swift; path = AddNoteView.swift; sourceTree = "<group>"; };
		AC71C1A029239A85004423FC /* Topic.swift */ = {isa = PBXFileReference; lastKnownFileType = sourcecode.swift; path = Topic.swift; sourceTree = "<group>"; };
		AC71C1A229239A98004423FC /* Note.swift */ = {isa = PBXFileReference; lastKnownFileType = sourcecode.swift; path = Note.swift; sourceTree = "<group>"; };
		AC71C1A429239D40004423FC /* NotesListView.swift */ = {isa = PBXFileReference; lastKnownFileType = sourcecode.swift; path = NotesListView.swift; sourceTree = "<group>"; };
/* End PBXFileReference section */

/* Begin PBXFrameworksBuildPhase section */
		AC71C18329239066004423FC /* Frameworks */ = {
			isa = PBXFrameworksBuildPhase;
			buildActionMask = 2147483647;
			files = (
				3DBA72ED2933AB94009FD720 /* SQLite in Frameworks */,
			);
			runOnlyForDeploymentPostprocessing = 0;
		};
/* End PBXFrameworksBuildPhase section */

/* Begin PBXGroup section */
		3DBA72EA2933A84B009FD720 /* Services */ = {
			isa = PBXGroup;
			children = (
				3DBA72E82933A842009FD720 /* DatabaseService.swift */,
			);
			path = Services;
			sourceTree = "<group>";
		};
		3DBA72EE2933B298009FD720 /* Tables */ = {
			isa = PBXGroup;
			children = (
				3DBA72EF2933B2AE009FD720 /* NotesTable.swift */,
				3DBA72F12933B2B7009FD720 /* TopicsTable.swift */,
			);
			path = Tables;
			sourceTree = "<group>";
		};
		AC71C17D29239066004423FC = {
			isa = PBXGroup;
			children = (
				AC71C18829239066004423FC /* Notes */,
				AC71C18729239066004423FC /* Products */,
			);
			sourceTree = "<group>";
		};
		AC71C18729239066004423FC /* Products */ = {
			isa = PBXGroup;
			children = (
				AC71C18629239066004423FC /* Notes.app */,
			);
			name = Products;
			sourceTree = "<group>";
		};
		AC71C18829239066004423FC /* Notes */ = {
			isa = PBXGroup;
			children = (
				3DBA72EE2933B298009FD720 /* Tables */,
				3DBA72EA2933A84B009FD720 /* Services */,
				AC71C19F29239A5D004423FC /* Models */,
				AC71C18929239066004423FC /* NotesApp.swift */,
				AC71C19B29239112004423FC /* TopicsListView.swift */,
				AC71C199292390D5004423FC /* TopicView.swift */,
				AC71C1A429239D40004423FC /* NotesListView.swift */,
				3DBA72E62933A7D2009FD720 /* NoteView.swift */,
				AC71C19D2923913C004423FC /* AddNoteView.swift */,
				AC71C18D29239067004423FC /* Assets.xcassets */,
				AC71C18F29239067004423FC /* Preview Content */,
			);
			path = Notes;
			sourceTree = "<group>";
		};
		AC71C18F29239067004423FC /* Preview Content */ = {
			isa = PBXGroup;
			children = (
				AC71C19029239067004423FC /* Preview Assets.xcassets */,
			);
			path = "Preview Content";
			sourceTree = "<group>";
		};
		AC71C19F29239A5D004423FC /* Models */ = {
			isa = PBXGroup;
			children = (
				AC71C1A029239A85004423FC /* Topic.swift */,
				AC71C1A229239A98004423FC /* Note.swift */,
			);
			path = Models;
			sourceTree = "<group>";
		};
/* End PBXGroup section */

/* Begin PBXNativeTarget section */
		AC71C18529239066004423FC /* Notes */ = {
			isa = PBXNativeTarget;
			buildConfigurationList = AC71C19429239067004423FC /* Build configuration list for PBXNativeTarget "Notes" */;
			buildPhases = (
				AC71C18229239066004423FC /* Sources */,
				AC71C18329239066004423FC /* Frameworks */,
				AC71C18429239066004423FC /* Resources */,
			);
			buildRules = (
			);
			dependencies = (
			);
			name = Notes;
			packageProductDependencies = (
				3DBA72EC2933AB94009FD720 /* SQLite */,
			);
			productName = Notes;
			productReference = AC71C18629239066004423FC /* Notes.app */;
			productType = "com.apple.product-type.application";
		};
/* End PBXNativeTarget section */

/* Begin PBXProject section */
		AC71C17E29239066004423FC /* Project object */ = {
			isa = PBXProject;
			attributes = {
				BuildIndependentTargetsInParallel = 1;
				LastSwiftUpdateCheck = 1410;
				LastUpgradeCheck = 1410;
				TargetAttributes = {
					AC71C18529239066004423FC = {
						CreatedOnToolsVersion = 14.1;
					};
				};
			};
			buildConfigurationList = AC71C18129239066004423FC /* Build configuration list for PBXProject "Notes" */;
			compatibilityVersion = "Xcode 14.0";
			developmentRegion = en;
			hasScannedForEncodings = 0;
			knownRegions = (
				en,
				Base,
			);
			mainGroup = AC71C17D29239066004423FC;
			packageReferences = (
				3DBA72EB2933AB94009FD720 /* XCRemoteSwiftPackageReference "SQLite" */,
			);
			productRefGroup = AC71C18729239066004423FC /* Products */;
			projectDirPath = "";
			projectRoot = "";
			targets = (
				AC71C18529239066004423FC /* Notes */,
			);
		};
/* End PBXProject section */

/* Begin PBXResourcesBuildPhase section */
		AC71C18429239066004423FC /* Resources */ = {
			isa = PBXResourcesBuildPhase;
			buildActionMask = 2147483647;
			files = (
				AC71C19129239067004423FC /* Preview Assets.xcassets in Resources */,
				AC71C18E29239067004423FC /* Assets.xcassets in Resources */,
			);
			runOnlyForDeploymentPostprocessing = 0;
		};
/* End PBXResourcesBuildPhase section */

/* Begin PBXSourcesBuildPhase section */
		AC71C18229239066004423FC /* Sources */ = {
			isa = PBXSourcesBuildPhase;
			buildActionMask = 2147483647;
			files = (
				3DBA72E92933A842009FD720 /* DatabaseService.swift in Sources */,
				3DBA72F22933B2B7009FD720 /* TopicsTable.swift in Sources */,
				AC71C19C29239112004423FC /* TopicsListView.swift in Sources */,
				AC71C1A129239A85004423FC /* Topic.swift in Sources */,
				AC71C1A329239A98004423FC /* Note.swift in Sources */,
				AC71C19A292390D5004423FC /* TopicView.swift in Sources */,
				AC71C18A29239066004423FC /* NotesApp.swift in Sources */,
				AC71C1A529239D40004423FC /* NotesListView.swift in Sources */,
				AC71C19E2923913C004423FC /* AddNoteView.swift in Sources */,
				3DBA72F02933B2AE009FD720 /* NotesTable.swift in Sources */,
				3DBA72E72933A7D2009FD720 /* NoteView.swift in Sources */,
			);
			runOnlyForDeploymentPostprocessing = 0;
		};
/* End PBXSourcesBuildPhase section */

/* Begin XCBuildConfiguration section */
		AC71C19229239067004423FC /* Debug */ = {
			isa = XCBuildConfiguration;
			buildSettings = {
				ALWAYS_SEARCH_USER_PATHS = NO;
				CLANG_ANALYZER_NONNULL = YES;
				CLANG_ANALYZER_NUMBER_OBJECT_CONVERSION = YES_AGGRESSIVE;
				CLANG_CXX_LANGUAGE_STANDARD = "gnu++20";
				CLANG_ENABLE_MODULES = YES;
				CLANG_ENABLE_OBJC_ARC = YES;
				CLANG_ENABLE_OBJC_WEAK = YES;
				CLANG_WARN_BLOCK_CAPTURE_AUTORELEASING = YES;
				CLANG_WARN_BOOL_CONVERSION = YES;
				CLANG_WARN_COMMA = YES;
				CLANG_WARN_CONSTANT_CONVERSION = YES;
				CLANG_WARN_DEPRECATED_OBJC_IMPLEMENTATIONS = YES;
				CLANG_WARN_DIRECT_OBJC_ISA_USAGE = YES_ERROR;
				CLANG_WARN_DOCUMENTATION_COMMENTS = YES;
				CLANG_WARN_EMPTY_BODY = YES;
				CLANG_WARN_ENUM_CONVERSION = YES;
				CLANG_WARN_INFINITE_RECURSION = YES;
				CLANG_WARN_INT_CONVERSION = YES;
				CLANG_WARN_NON_LITERAL_NULL_CONVERSION = YES;
				CLANG_WARN_OBJC_IMPLICIT_RETAIN_SELF = YES;
				CLANG_WARN_OBJC_LITERAL_CONVERSION = YES;
				CLANG_WARN_OBJC_ROOT_CLASS = YES_ERROR;
				CLANG_WARN_QUOTED_INCLUDE_IN_FRAMEWORK_HEADER = YES;
				CLANG_WARN_RANGE_LOOP_ANALYSIS = YES;
				CLANG_WARN_STRICT_PROTOTYPES = YES;
				CLANG_WARN_SUSPICIOUS_MOVE = YES;
				CLANG_WARN_UNGUARDED_AVAILABILITY = YES_AGGRESSIVE;
				CLANG_WARN_UNREACHABLE_CODE = YES;
				CLANG_WARN__DUPLICATE_METHOD_MATCH = YES;
				COPY_PHASE_STRIP = NO;
				DEBUG_INFORMATION_FORMAT = dwarf;
				ENABLE_STRICT_OBJC_MSGSEND = YES;
				ENABLE_TESTABILITY = YES;
				GCC_C_LANGUAGE_STANDARD = gnu11;
				GCC_DYNAMIC_NO_PIC = NO;
				GCC_NO_COMMON_BLOCKS = YES;
				GCC_OPTIMIZATION_LEVEL = 0;
				GCC_PREPROCESSOR_DEFINITIONS = (
					"DEBUG=1",
					"$(inherited)",
				);
				GCC_WARN_64_TO_32_BIT_CONVERSION = YES;
				GCC_WARN_ABOUT_RETURN_TYPE = YES_ERROR;
				GCC_WARN_UNDECLARED_SELECTOR = YES;
				GCC_WARN_UNINITIALIZED_AUTOS = YES_AGGRESSIVE;
				GCC_WARN_UNUSED_FUNCTION = YES;
				GCC_WARN_UNUSED_VARIABLE = YES;
				IPHONEOS_DEPLOYMENT_TARGET = 16.1;
				MTL_ENABLE_DEBUG_INFO = INCLUDE_SOURCE;
				MTL_FAST_MATH = YES;
				ONLY_ACTIVE_ARCH = YES;
				SDKROOT = iphoneos;
				SWIFT_ACTIVE_COMPILATION_CONDITIONS = DEBUG;
				SWIFT_OPTIMIZATION_LEVEL = "-Onone";
			};
			name = Debug;
		};
		AC71C19329239067004423FC /* Release */ = {
			isa = XCBuildConfiguration;
			buildSettings = {
				ALWAYS_SEARCH_USER_PATHS = NO;
				CLANG_ANALYZER_NONNULL = YES;
				CLANG_ANALYZER_NUMBER_OBJECT_CONVERSION = YES_AGGRESSIVE;
				CLANG_CXX_LANGUAGE_STANDARD = "gnu++20";
				CLANG_ENABLE_MODULES = YES;
				CLANG_ENABLE_OBJC_ARC = YES;
				CLANG_ENABLE_OBJC_WEAK = YES;
				CLANG_WARN_BLOCK_CAPTURE_AUTORELEASING = YES;
				CLANG_WARN_BOOL_CONVERSION = YES;
				CLANG_WARN_COMMA = YES;
				CLANG_WARN_CONSTANT_CONVERSION = YES;
				CLANG_WARN_DEPRECATED_OBJC_IMPLEMENTATIONS = YES;
				CLANG_WARN_DIRECT_OBJC_ISA_USAGE = YES_ERROR;
				CLANG_WARN_DOCUMENTATION_COMMENTS = YES;
				CLANG_WARN_EMPTY_BODY = YES;
				CLANG_WARN_ENUM_CONVERSION = YES;
				CLANG_WARN_INFINITE_RECURSION = YES;
				CLANG_WARN_INT_CONVERSION = YES;
				CLANG_WARN_NON_LITERAL_NULL_CONVERSION = YES;
				CLANG_WARN_OBJC_IMPLICIT_RETAIN_SELF = YES;
				CLANG_WARN_OBJC_LITERAL_CONVERSION = YES;
				CLANG_WARN_OBJC_ROOT_CLASS = YES_ERROR;
				CLANG_WARN_QUOTED_INCLUDE_IN_FRAMEWORK_HEADER = YES;
				CLANG_WARN_RANGE_LOOP_ANALYSIS = YES;
				CLANG_WARN_STRICT_PROTOTYPES = YES;
				CLANG_WARN_SUSPICIOUS_MOVE = YES;
				CLANG_WARN_UNGUARDED_AVAILABILITY = YES_AGGRESSIVE;
				CLANG_WARN_UNREACHABLE_CODE = YES;
				CLANG_WARN__DUPLICATE_METHOD_MATCH = YES;
				COPY_PHASE_STRIP = NO;
				DEBUG_INFORMATION_FORMAT = "dwarf-with-dsym";
				ENABLE_NS_ASSERTIONS = NO;
				ENABLE_STRICT_OBJC_MSGSEND = YES;
				GCC_C_LANGUAGE_STANDARD = gnu11;
				GCC_NO_COMMON_BLOCKS = YES;
				GCC_WARN_64_TO_32_BIT_CONVERSION = YES;
				GCC_WARN_ABOUT_RETURN_TYPE = YES_ERROR;
				GCC_WARN_UNDECLARED_SELECTOR = YES;
				GCC_WARN_UNINITIALIZED_AUTOS = YES_AGGRESSIVE;
				GCC_WARN_UNUSED_FUNCTION = YES;
				GCC_WARN_UNUSED_VARIABLE = YES;
				IPHONEOS_DEPLOYMENT_TARGET = 16.1;
				MTL_ENABLE_DEBUG_INFO = NO;
				MTL_FAST_MATH = YES;
				SDKROOT = iphoneos;
				SWIFT_COMPILATION_MODE = wholemodule;
				SWIFT_OPTIMIZATION_LEVEL = "-O";
				VALIDATE_PRODUCT = YES;
			};
			name = Release;
		};
		AC71C19529239067004423FC /* Debug */ = {
			isa = XCBuildConfiguration;
			buildSettings = {
				ASSETCATALOG_COMPILER_APPICON_NAME = AppIcon;
				ASSETCATALOG_COMPILER_GLOBAL_ACCENT_COLOR_NAME = AccentColor;
				CODE_SIGN_STYLE = Automatic;
				CURRENT_PROJECT_VERSION = 1;
				DEVELOPMENT_ASSET_PATHS = "\"Notes/Preview Content\"";
				ENABLE_PREVIEWS = YES;
				GENERATE_INFOPLIST_FILE = YES;
				INFOPLIST_KEY_UIApplicationSceneManifest_Generation = YES;
				INFOPLIST_KEY_UIApplicationSupportsIndirectInputEvents = YES;
				INFOPLIST_KEY_UILaunchScreen_Generation = YES;
				INFOPLIST_KEY_UISupportedInterfaceOrientations_iPad = "UIInterfaceOrientationPortrait UIInterfaceOrientationPortraitUpsideDown UIInterfaceOrientationLandscapeLeft UIInterfaceOrientationLandscapeRight";
				INFOPLIST_KEY_UISupportedInterfaceOrientations_iPhone = "UIInterfaceOrientationPortrait UIInterfaceOrientationLandscapeLeft UIInterfaceOrientationLandscapeRight";
				LD_RUNPATH_SEARCH_PATHS = (
					"$(inherited)",
					"@executable_path/Frameworks",
				);
				MARKETING_VERSION = 1.0;
				PRODUCT_BUNDLE_IDENTIFIER = agh.Notes;
				PRODUCT_NAME = "$(TARGET_NAME)";
				SWIFT_EMIT_LOC_STRINGS = YES;
				SWIFT_VERSION = 5.0;
				TARGETED_DEVICE_FAMILY = "1,2";
			};
			name = Debug;
		};
		AC71C19629239067004423FC /* Release */ = {
			isa = XCBuildConfiguration;
			buildSettings = {
				ASSETCATALOG_COMPILER_APPICON_NAME = AppIcon;
				ASSETCATALOG_COMPILER_GLOBAL_ACCENT_COLOR_NAME = AccentColor;
				CODE_SIGN_STYLE = Automatic;
				CURRENT_PROJECT_VERSION = 1;
				DEVELOPMENT_ASSET_PATHS = "\"Notes/Preview Content\"";
				ENABLE_PREVIEWS = YES;
				GENERATE_INFOPLIST_FILE = YES;
				INFOPLIST_KEY_UIApplicationSceneManifest_Generation = YES;
				INFOPLIST_KEY_UIApplicationSupportsIndirectInputEvents = YES;
				INFOPLIST_KEY_UILaunchScreen_Generation = YES;
				INFOPLIST_KEY_UISupportedInterfaceOrientations_iPad = "UIInterfaceOrientationPortrait UIInterfaceOrientationPortraitUpsideDown UIInterfaceOrientationLandscapeLeft UIInterfaceOrientationLandscapeRight";
				INFOPLIST_KEY_UISupportedInterfaceOrientations_iPhone = "UIInterfaceOrientationPortrait UIInterfaceOrientationLandscapeLeft UIInterfaceOrientationLandscapeRight";
				LD_RUNPATH_SEARCH_PATHS = (
					"$(inherited)",
					"@executable_path/Frameworks",
				);
				MARKETING_VERSION = 1.0;
				PRODUCT_BUNDLE_IDENTIFIER = agh.Notes;
				PRODUCT_NAME = "$(TARGET_NAME)";
				SWIFT_EMIT_LOC_STRINGS = YES;
				SWIFT_VERSION = 5.0;
				TARGETED_DEVICE_FAMILY = "1,2";
			};
			name = Release;
		};
/* End XCBuildConfiguration section */

/* Begin XCConfigurationList section */
		AC71C18129239066004423FC /* Build configuration list for PBXProject "Notes" */ = {
			isa = XCConfigurationList;
			buildConfigurations = (
				AC71C19229239067004423FC /* Debug */,
				AC71C19329239067004423FC /* Release */,
			);
			defaultConfigurationIsVisible = 0;
			defaultConfigurationName = Release;
		};
		AC71C19429239067004423FC /* Build configuration list for PBXNativeTarget "Notes" */ = {
			isa = XCConfigurationList;
			buildConfigurations = (
				AC71C19529239067004423FC /* Debug */,
				AC71C19629239067004423FC /* Release */,
			);
			defaultConfigurationIsVisible = 0;
			defaultConfigurationName = Release;
		};
/* End XCConfigurationList section */

/* Begin XCRemoteSwiftPackageReference section */
		3DBA72EB2933AB94009FD720 /* XCRemoteSwiftPackageReference "SQLite" */ = {
			isa = XCRemoteSwiftPackageReference;
			repositoryURL = "https://github.com/stephencelis/SQLite.swift";
			requirement = {
				kind = upToNextMajorVersion;
				minimumVersion = 0.9.2;
			};
		};
/* End XCRemoteSwiftPackageReference section */

/* Begin XCSwiftPackageProductDependency section */
		3DBA72EC2933AB94009FD720 /* SQLite */ = {
			isa = XCSwiftPackageProductDependency;
			package = 3DBA72EB2933AB94009FD720 /* XCRemoteSwiftPackageReference "SQLite" */;
			productName = SQLite;
		};
/* End XCSwiftPackageProductDependency section */
	};
	rootObject = AC71C17E29239066004423FC /* Project object */;
}
